<?xml version="1.0" encoding="utf-8"?>
<Project ToolsVersion="4.0" xmlns="http://schemas.microsoft.com/developer/msbuild/2003">
  <ItemGroup>
    <Filter Include="VEngine">
      <UniqueIdentifier>{51C9C488-BDA8-4324-C6C0-CEFA321FAA85}</UniqueIdentifier>
    </Filter>
  </ItemGroup>
  <ItemGroup>
    <ClInclude Include="src\VEngine.h" />
    <ClInclude Include="src\VEngine\Application.h">
      <Filter>VEngine</Filter>
    </ClInclude>
    <ClInclude Include="src\VEngine\Core.h">
      <Filter>VEngine</Filter>
    </ClInclude>
    <ClInclude Include="src\VEngine\EntryPoint.h">
      <Filter>VEngine</Filter>
    </ClInclude>
    <ClInclude Include="src\VEngine\Log.h">
      <Filter>VEngine</Filter>
    </ClInclude>
    <ClInclude Include="src\VEngine\ApplicationEvent.h">
      <Filter>VEngine</Filter>
    </ClInclude>
    <ClInclude Include="src\VEngine\KeyEvent.h">
      <Filter>VEngine</Filter>
    </ClInclude>
    <ClInclude Include="src\VEngine\MouseEvent.h">
      <Filter>VEngine</Filter>
    </ClInclude>
    <ClInclude Include="src\VEngine\Event.h">
      <Filter>VEngine</Filter>
    </ClInclude>
  </ItemGroup>
  <ItemGroup>
    <ClCompile Include="src\VEngine\Application.cpp">
      <Filter>VEngine</Filter>
    </ClCompile>
    <ClCompile Include="src\VEngine\Log.cpp">
      <Filter>VEngine</Filter>
    </ClCompile>
  </ItemGroup>
</Project>